
Microsoft Visual Studio Solution File, Format Version 12.00
# Visual Studio Version 16
VisualStudioVersion = 16.0.29613.14
MinimumVisualStudioVersion = 10.0.40219.1
Project("{FAE04EC0-301F-11D3-BF4B-00C04F79EFBC}") = "SpaceGame", "SpaceGame.csproj", "{8ADFF37E-C336-4C1D-AC87-AE7394916150}"
EndProject
Global
	GlobalSection(SolutionConfigurationPlatforms) = preSolution
		Debug|Any CPU = Debug|Any CPU
		Release|Any CPU = Release|Any CPU
	EndGlobalSection
	GlobalSection(ProjectConfigurationPlatforms) = postSolution
		{8ADFF37E-C336-4C1D-AC87-AE7394916150}.Debug|Any CPU.ActiveCfg = Debug|Any CPU
		{8ADFF37E-C336-4C1D-AC87-AE7394916150}.Debug|Any CPU.Build.0 = Debug|Any CPU
		{8ADFF37E-C336-4C1D-AC87-AE7394916150}.Release|Any CPU.ActiveCfg = Release|Any CPU
		{8ADFF37E-C336-4C1D-AC87-AE7394916150}.Release|Any CPU.Build.0 = Release|Any CPU
	EndGlobalSection
	GlobalSection(SolutionProperties) = preSolution
		HideSolutionNode = FALSE
	EndGlobalSection
	GlobalSection(ExtensibilityGlobals) = postSolution
		SolutionGuid = {B8C3FD98-84FA-4F91-AF95-D753686B95B5}
	EndGlobalSection
EndGlobal
